
Microsoft Visual Studio Solution File, Format Version 12.00
# Visual Studio Version 18
VisualStudioVersion = 18.5.11716.220
MinimumVisualStudioVersion = 10.0.40219.1
Project("{2150E333-8FDC-42A3-9474-1A3956D46DE8}") = "BuildingBlocks", "BuildingBlocks", "{7266C4A9-E384-DC00-0EB6-47F6002CFBA7}"
EndProject
Project("{FAE04EC0-301F-11D3-BF4B-00C04F79EFBC}") = "Shared.Domain", "BuildingBlocks\Shared.Domain\Shared.Domain.csproj", "{C7D3BD99-348D-4481-A370-9363D4955162}"
EndProject
Project("{FAE04EC0-301F-11D3-BF4B-00C04F79EFBC}") = "Shared.Application", "BuildingBlocks\Shared.Application\Shared.Application.csproj", "{0D8516D3-7C93-43AF-8E2D-B4EFF5872291}"
EndProject
Project("{FAE04EC0-301F-11D3-BF4B-00C04F79EFBC}") = "Shared.Infrastructure", "BuildingBlocks\Shared.Infrastructure\Shared.Infrastructure.csproj", "{085E0BC9-4E00-4E39-9CC8-D726F52A8577}"
EndProject
Project("{FAE04EC0-301F-11D3-BF4B-00C04F79EFBC}") = "Shared.API", "BuildingBlocks\Shared.API\Shared.API.csproj", "{D4794831-043B-42F2-8AFD-7D2F72858D04}"
EndProject
Project("{2150E333-8FDC-42A3-9474-1A3956D46DE8}") = "Services", "Services", "{5854FF58-B8C5-05C6-5BF2-ACE42193F22B}"
EndProject
Project("{2150E333-8FDC-42A3-9474-1A3956D46DE8}") = "TemplateService", "TemplateService", "{2BDB39AC-EE8F-8226-87E9-6C1391B18EDA}"
EndProject
Project("{2150E333-8FDC-42A3-9474-1A3956D46DE8}") = "src", "src", "{6A0636FE-2970-D732-4A33-CF4EC843DA74}"
EndProject
Project("{FAE04EC0-301F-11D3-BF4B-00C04F79EFBC}") = "Template.Domain", "Services\TemplateService\src\Template.Domain\Template.Domain.csproj", "{987ED886-9BCE-4B3E-A8B5-1D5A45C1A72F}"
EndProject
Project("{FAE04EC0-301F-11D3-BF4B-00C04F79EFBC}") = "Template.Application", "Services\TemplateService\src\Template.Application\Template.Application.csproj", "{EF3E5C8D-07B3-4FA3-B26E-6E9440C4F7A9}"
EndProject
Project("{FAE04EC0-301F-11D3-BF4B-00C04F79EFBC}") = "Template.Infrastructure", "Services\TemplateService\src\Template.Infrastructure\Template.Infrastructure.csproj", "{001D66FC-F0C4-4A17-86EE-50765489535B}"
EndProject
Project("{FAE04EC0-301F-11D3-BF4B-00C04F79EFBC}") = "Template.API", "Services\TemplateService\src\Template.API\Template.API.csproj", "{01688B8B-4211-4065-886B-627659773EB1}"
EndProject
Project("{2150E333-8FDC-42A3-9474-1A3956D46DE8}") = "ProductService", "ProductService", "{1C57C2D2-1246-804C-0890-EC7B6BEC053B}"
EndProject
Project("{2150E333-8FDC-42A3-9474-1A3956D46DE8}") = "src", "src", "{342FCE4C-47BF-89F4-41F0-41EE90205765}"
EndProject
Project("{FAE04EC0-301F-11D3-BF4B-00C04F79EFBC}") = "ProductService.API", "Services\ProductService\src\ProductService.API\ProductService.API.csproj", "{2E94F180-2D91-4F5E-91E7-2E964275B743}"
EndProject
Project("{FAE04EC0-301F-11D3-BF4B-00C04F79EFBC}") = "ProductService.Infrastructure", "Services\ProductService\src\ProductService.Infrastructure\ProductService.Infrastructure.csproj", "{2119D044-8456-4D51-8EAB-52C82CEBD50E}"
EndProject
Project("{FAE04EC0-301F-11D3-BF4B-00C04F79EFBC}") = "ProductService.Application", "Services\ProductService\src\ProductService.Application\ProductService.Application.csproj", "{1109A817-8B8D-479D-9973-E9C916B595AC}"
EndProject
Project("{FAE04EC0-301F-11D3-BF4B-00C04F79EFBC}") = "ProductService.Domain", "Services\ProductService\src\ProductService.Domain\ProductService.Domain.csproj", "{6ED05895-77DF-47DF-9A08-18159ECFA66A}"
EndProject
Project("{2150E333-8FDC-42A3-9474-1A3956D46DE8}") = "tests", "tests", "{5C95306C-431D-A100-0086-090F0506DA50}"
EndProject
Project("{FAE04EC0-301F-11D3-BF4B-00C04F79EFBC}") = "ProductService.Domain.Tests", "Services\ProductService\tests\ProductService.Domain.Tests\ProductService.Domain.Tests.csproj", "{C46ADDA0-D467-46FB-9017-28051D2CF512}"
EndProject
Project("{FAE04EC0-301F-11D3-BF4B-00C04F79EFBC}") = "ProductService.Application.Tests", "Services\ProductService\tests\ProductService.Application.Tests\ProductService.Application.Tests.csproj", "{F8975784-BB7E-4550-BDE1-682E99D8046F}"
EndProject
Project("{2150E333-8FDC-42A3-9474-1A3956D46DE8}") = "Gateway", "Gateway", "{E7BDDBC6-9FD1-D1D7-ACD8-2C4F8E3D2461}"
EndProject
Project("{FAE04EC0-301F-11D3-BF4B-00C04F79EFBC}") = "ApiGateway", "Gateway\ApiGateway\ApiGateway.csproj", "{20AD351F-C113-4311-A294-B3965DFB6D17}"
EndProject
Project("{2150E333-8FDC-42A3-9474-1A3956D46DE8}") = "tests", "tests", "{7D92DBFA-C12A-0400-BEAA-E303CE3BA314}"
EndProject
Project("{FAE04EC0-301F-11D3-BF4B-00C04F79EFBC}") = "TemplateService.Domain.Tests", "Services\TemplateService\tests\TemplateService.Domain.Tests\TemplateService.Domain.Tests.csproj", "{B6FF22FF-BF8B-460A-86E3-0A65EFD7A2A2}"
EndProject
Project("{FAE04EC0-301F-11D3-BF4B-00C04F79EFBC}") = "TemplateService.Application.Tests", "Services\TemplateService\tests\TemplateService.Application.Tests\TemplateService.Application.Tests.csproj", "{6E51566D-19FF-42B9-805A-6BAA29C3812F}"
EndProject
Project("{FAE04EC0-301F-11D3-BF4B-00C04F79EFBC}") = "TemplateService.Infrastructure.Tests", "Services\TemplateService\tests\TemplateService.Infrastructure.Tests\TemplateService.Infrastructure.Tests.csproj", "{7D4CB1C8-F5AD-4600-81EE-D220F04FF74F}"
EndProject
Project("{2150E333-8FDC-42A3-9474-1A3956D46DE8}") = "UserService", "UserService", "{BB9B0570-D764-F740-A1C1-3444BA1D5022}"
EndProject
Project("{2150E333-8FDC-42A3-9474-1A3956D46DE8}") = "src", "src", "{C3D55D52-5DFC-885D-2B4A-9508FC7D90C4}"
EndProject
Project("{FAE04EC0-301F-11D3-BF4B-00C04F79EFBC}") = "UserService.API", "Services\UserService\src\UserService.API\UserService.API.csproj", "{44C4B4BA-3211-4E25-9252-B0F2B286A796}"
EndProject
Project("{FAE04EC0-301F-11D3-BF4B-00C04F79EFBC}") = "UserService.Infrastructure", "Services\UserService\src\UserService.Infrastructure\UserService.Infrastructure.csproj", "{8C52A88F-4953-4B42-8B0F-21D6D9E3B54E}"
EndProject
Project("{FAE04EC0-301F-11D3-BF4B-00C04F79EFBC}") = "UserService.Application", "Services\UserService\src\UserService.Application\UserService.Application.csproj", "{1F798EDD-FC9B-49F4-8D27-8FE88E20F2A6}"
EndProject
Project("{FAE04EC0-301F-11D3-BF4B-00C04F79EFBC}") = "UserService.Domain", "Services\UserService\src\UserService.Domain\UserService.Domain.csproj", "{56559821-7C43-4119-BD19-EC7503195CD7}"
EndProject
Project("{2150E333-8FDC-42A3-9474-1A3956D46DE8}") = "tests", "tests", "{50646532-7BDD-1987-4851-07F80400BDCF}"
EndProject
Project("{FAE04EC0-301F-11D3-BF4B-00C04F79EFBC}") = "UserServiceService.Application.Tests", "Services\UserService\tests\UserServiceService.Application.Tests\UserServiceService.Application.Tests.csproj", "{8671FC98-B557-41CF-9EF0-9A08372E44F9}"
EndProject
Project("{FAE04EC0-301F-11D3-BF4B-00C04F79EFBC}") = "UserServiceService.Domain.Tests", "Services\UserService\tests\UserServiceService.Domain.Tests\UserServiceService.Domain.Tests.csproj", "{62488580-229C-4C70-9451-48F14C413BDC}"
EndProject
Project("{FAE04EC0-301F-11D3-BF4B-00C04F79EFBC}") = "UserServiceService.Infrastructure.Tests", "Services\UserService\tests\UserServiceService.Infrastructure.Tests\UserServiceService.Infrastructure.Tests.csproj", "{51C11FFD-5B01-4EAB-83F9-3826EB01D626}"
EndProject
Project("{2150E333-8FDC-42A3-9474-1A3956D46DE8}") = "OrserService", "OrserService", "{67432EE6-FB9C-8790-1FE7-6C208495587F}"
EndProject
Project("{2150E333-8FDC-42A3-9474-1A3956D46DE8}") = "src", "src", "{E6BA4953-59CA-EC62-190F-E796D32A4427}"
EndProject
Project("{FAE04EC0-301F-11D3-BF4B-00C04F79EFBC}") = "OrderService.API", "Services\OrserService\src\OrderService.API\OrderService.API.csproj", "{ED32851D-EA34-4D75-94D7-4D9AE941E1E9}"
EndProject
Project("{FAE04EC0-301F-11D3-BF4B-00C04F79EFBC}") = "OrderService.Infrastructure", "Services\OrserService\src\OrderService.Infrastructure\OrderService.Infrastructure.csproj", "{34EB807A-68BC-427B-9895-A3F56C0C0E47}"
EndProject
Project("{FAE04EC0-301F-11D3-BF4B-00C04F79EFBC}") = "OrderService.Application", "Services\OrserService\src\OrderService.Application\OrderService.Application.csproj", "{34CC3B6F-5B7F-4743-BB99-D13A6389FA30}"
EndProject
Project("{FAE04EC0-301F-11D3-BF4B-00C04F79EFBC}") = "OrderService.Domain", "Services\OrserService\src\OrderService.Domain\OrderService.Domain.csproj", "{3004A799-F4BD-49E2-85A4-E7059D337FC4}"
EndProject
Project("{2150E333-8FDC-42A3-9474-1A3956D46DE8}") = "tests", "tests", "{CC769B93-337B-8741-3C3D-CBEBE1AD387A}"
EndProject
Project("{FAE04EC0-301F-11D3-BF4B-00C04F79EFBC}") = "TemplateService.Application.Tests", "Services\OrserService\tests\TemplateService.Application.Tests\TemplateService.Application.Tests.csproj", "{01F2AB8C-CE4E-400E-8072-149FD676F9FE}"
EndProject
Project("{FAE04EC0-301F-11D3-BF4B-00C04F79EFBC}") = "TemplateService.Domain.Tests", "Services\OrserService\tests\TemplateService.Domain.Tests\TemplateService.Domain.Tests.csproj", "{CD3E24EF-6AD5-49C4-8C96-BBF50E39AE67}"
EndProject
Project("{FAE04EC0-301F-11D3-BF4B-00C04F79EFBC}") = "TemplateService.Infrastructure.Tests", "Services\OrserService\tests\TemplateService.Infrastructure.Tests\TemplateService.Infrastructure.Tests.csproj", "{A1D9C398-69CA-434A-96FD-E418CFF32E57}"
EndProject
Global
	GlobalSection(SolutionConfigurationPlatforms) = preSolution
		Debug|Any CPU = Debug|Any CPU
		Debug|x64 = Debug|x64
		Debug|x86 = Debug|x86
		Release|Any CPU = Release|Any CPU
		Release|x64 = Release|x64
		Release|x86 = Release|x86
	EndGlobalSection
	GlobalSection(ProjectConfigurationPlatforms) = postSolution
		{C7D3BD99-348D-4481-A370-9363D4955162}.Debug|Any CPU.ActiveCfg = Debug|Any CPU
		{C7D3BD99-348D-4481-A370-9363D4955162}.Debug|Any CPU.Build.0 = Debug|Any CPU
		{C7D3BD99-348D-4481-A370-9363D4955162}.Debug|x64.ActiveCfg = Debug|Any CPU
		{C7D3BD99-348D-4481-A370-9363D4955162}.Debug|x64.Build.0 = Debug|Any CPU
		{C7D3BD99-348D-4481-A370-9363D4955162}.Debug|x86.ActiveCfg = Debug|Any CPU
		{C7D3BD99-348D-4481-A370-9363D4955162}.Debug|x86.Build.0 = Debug|Any CPU
		{C7D3BD99-348D-4481-A370-9363D4955162}.Release|Any CPU.ActiveCfg = Release|Any CPU
		{C7D3BD99-348D-4481-A370-9363D4955162}.Release|Any CPU.Build.0 = Release|Any CPU
		{C7D3BD99-348D-4481-A370-9363D4955162}.Release|x64.ActiveCfg = Release|Any CPU
		{C7D3BD99-348D-4481-A370-9363D4955162}.Release|x64.Build.0 = Release|Any CPU
		{C7D3BD99-348D-4481-A370-9363D4955162}.Release|x86.ActiveCfg = Release|Any CPU
		{C7D3BD99-348D-4481-A370-9363D4955162}.Release|x86.Build.0 = Release|Any CPU
		{0D8516D3-7C93-43AF-8E2D-B4EFF5872291}.Debug|Any CPU.ActiveCfg = Debug|Any CPU
		{0D8516D3-7C93-43AF-8E2D-B4EFF5872291}.Debug|Any CPU.Build.0 = Debug|Any CPU
		{0D8516D3-7C93-43AF-8E2D-B4EFF5872291}.Debug|x64.ActiveCfg = Debug|Any CPU
		{0D8516D3-7C93-43AF-8E2D-B4EFF5872291}.Debug|x64.Build.0 = Debug|Any CPU
		{0D8516D3-7C93-43AF-8E2D-B4EFF5872291}.Debug|x86.ActiveCfg = Debug|Any CPU
		{0D8516D3-7C93-43AF-8E2D-B4EFF5872291}.Debug|x86.Build.0 = Debug|Any CPU
		{0D8516D3-7C93-43AF-8E2D-B4EFF5872291}.Release|Any CPU.ActiveCfg = Release|Any CPU
		{0D8516D3-7C93-43AF-8E2D-B4EFF5872291}.Release|Any CPU.Build.0 = Release|Any CPU
		{0D8516D3-7C93-43AF-8E2D-B4EFF5872291}.Release|x64.ActiveCfg = Release|Any CPU
		{0D8516D3-7C93-43AF-8E2D-B4EFF5872291}.Release|x64.Build.0 = Release|Any CPU
		{0D8516D3-7C93-43AF-8E2D-B4EFF5872291}.Release|x86.ActiveCfg = Release|Any CPU
		{0D8516D3-7C93-43AF-8E2D-B4EFF5872291}.Release|x86.Build.0 = Release|Any CPU
		{085E0BC9-4E00-4E39-9CC8-D726F52A8577}.Debug|Any CPU.ActiveCfg = Debug|Any CPU
		{085E0BC9-4E00-4E39-9CC8-D726F52A8577}.Debug|Any CPU.Build.0 = Debug|Any CPU
		{085E0BC9-4E00-4E39-9CC8-D726F52A8577}.Debug|x64.ActiveCfg = Debug|Any CPU
		{085E0BC9-4E00-4E39-9CC8-D726F52A8577}.Debug|x64.Build.0 = Debug|Any CPU
		{085E0BC9-4E00-4E39-9CC8-D726F52A8577}.Debug|x86.ActiveCfg = Debug|Any CPU
		{085E0BC9-4E00-4E39-9CC8-D726F52A8577}.Debug|x86.Build.0 = Debug|Any CPU
		{085E0BC9-4E00-4E39-9CC8-D726F52A8577}.Release|Any CPU.ActiveCfg = Release|Any CPU
		{085E0BC9-4E00-4E39-9CC8-D726F52A8577}.Release|Any CPU.Build.0 = Release|Any CPU
		{085E0BC9-4E00-4E39-9CC8-D726F52A8577}.Release|x64.ActiveCfg = Release|Any CPU
		{085E0BC9-4E00-4E39-9CC8-D726F52A8577}.Release|x64.Build.0 = Release|Any CPU
		{085E0BC9-4E00-4E39-9CC8-D726F52A8577}.Release|x86.ActiveCfg = Release|Any CPU
		{085E0BC9-4E00-4E39-9CC8-D726F52A8577}.Release|x86.Build.0 = Release|Any CPU
		{D4794831-043B-42F2-8AFD-7D2F72858D04}.Debug|Any CPU.ActiveCfg = Debug|Any CPU
		{D4794831-043B-42F2-8AFD-7D2F72858D04}.Debug|Any CPU.Build.0 = Debug|Any CPU
		{D4794831-043B-42F2-8AFD-7D2F72858D04}.Debug|x64.ActiveCfg = Debug|Any CPU
		{D4794831-043B-42F2-8AFD-7D2F72858D04}.Debug|x64.Build.0 = Debug|Any CPU
		{D4794831-043B-42F2-8AFD-7D2F72858D04}.Debug|x86.ActiveCfg = Debug|Any CPU
		{D4794831-043B-42F2-8AFD-7D2F72858D04}.Debug|x86.Build.0 = Debug|Any CPU
		{D4794831-043B-42F2-8AFD-7D2F72858D04}.Release|Any CPU.ActiveCfg = Release|Any CPU
		{D4794831-043B-42F2-8AFD-7D2F72858D04}.Release|Any CPU.Build.0 = Release|Any CPU
		{D4794831-043B-42F2-8AFD-7D2F72858D04}.Release|x64.ActiveCfg = Release|Any CPU
		{D4794831-043B-42F2-8AFD-7D2F72858D04}.Release|x64.Build.0 = Release|Any CPU
		{D4794831-043B-42F2-8AFD-7D2F72858D04}.Release|x86.ActiveCfg = Release|Any CPU
		{D4794831-043B-42F2-8AFD-7D2F72858D04}.Release|x86.Build.0 = Release|Any CPU
		{987ED886-9BCE-4B3E-A8B5-1D5A45C1A72F}.Debug|Any CPU.ActiveCfg = Debug|Any CPU
		{987ED886-9BCE-4B3E-A8B5-1D5A45C1A72F}.Debug|Any CPU.Build.0 = Debug|Any CPU
		{987ED886-9BCE-4B3E-A8B5-1D5A45C1A72F}.Debug|x64.ActiveCfg = Debug|Any CPU
		{987ED886-9BCE-4B3E-A8B5-1D5A45C1A72F}.Debug|x64.Build.0 = Debug|Any CPU
		{987ED886-9BCE-4B3E-A8B5-1D5A45C1A72F}.Debug|x86.ActiveCfg = Debug|Any CPU
		{987ED886-9BCE-4B3E-A8B5-1D5A45C1A72F}.Debug|x86.Build.0 = Debug|Any CPU
		{987ED886-9BCE-4B3E-A8B5-1D5A45C1A72F}.Release|Any CPU.ActiveCfg = Release|Any CPU
		{987ED886-9BCE-4B3E-A8B5-1D5A45C1A72F}.Release|Any CPU.Build.0 = Release|Any CPU
		{987ED886-9BCE-4B3E-A8B5-1D5A45C1A72F}.Release|x64.ActiveCfg = Release|Any CPU
		{987ED886-9BCE-4B3E-A8B5-1D5A45C1A72F}.Release|x64.Build.0 = Release|Any CPU
		{987ED886-9BCE-4B3E-A8B5-1D5A45C1A72F}.Release|x86.ActiveCfg = Release|Any CPU
		{987ED886-9BCE-4B3E-A8B5-1D5A45C1A72F}.Release|x86.Build.0 = Release|Any CPU
		{EF3E5C8D-07B3-4FA3-B26E-6E9440C4F7A9}.Debug|Any CPU.ActiveCfg = Debug|Any CPU
		{EF3E5C8D-07B3-4FA3-B26E-6E9440C4F7A9}.Debug|Any CPU.Build.0 = Debug|Any CPU
		{EF3E5C8D-07B3-4FA3-B26E-6E9440C4F7A9}.Debug|x64.ActiveCfg = Debug|Any CPU
		{EF3E5C8D-07B3-4FA3-B26E-6E9440C4F7A9}.Debug|x64.Build.0 = Debug|Any CPU
		{EF3E5C8D-07B3-4FA3-B26E-6E9440C4F7A9}.Debug|x86.ActiveCfg = Debug|Any CPU
		{EF3E5C8D-07B3-4FA3-B26E-6E9440C4F7A9}.Debug|x86.Build.0 = Debug|Any CPU
		{EF3E5C8D-07B3-4FA3-B26E-6E9440C4F7A9}.Release|Any CPU.ActiveCfg = Release|Any CPU
		{EF3E5C8D-07B3-4FA3-B26E-6E9440C4F7A9}.Release|Any CPU.Build.0 = Release|Any CPU
		{EF3E5C8D-07B3-4FA3-B26E-6E9440C4F7A9}.Release|x64.ActiveCfg = Release|Any CPU
		{EF3E5C8D-07B3-4FA3-B26E-6E9440C4F7A9}.Release|x64.Build.0 = Release|Any CPU
		{EF3E5C8D-07B3-4FA3-B26E-6E9440C4F7A9}.Release|x86.ActiveCfg = Release|Any CPU
		{EF3E5C8D-07B3-4FA3-B26E-6E9440C4F7A9}.Release|x86.Build.0 = Release|Any CPU
		{001D66FC-F0C4-4A17-86EE-50765489535B}.Debug|Any CPU.ActiveCfg = Debug|Any CPU
		{001D66FC-F0C4-4A17-86EE-50765489535B}.Debug|Any CPU.Build.0 = Debug|Any CPU
		{001D66FC-F0C4-4A17-86EE-50765489535B}.Debug|x64.ActiveCfg = Debug|Any CPU
		{001D66FC-F0C4-4A17-86EE-50765489535B}.Debug|x64.Build.0 = Debug|Any CPU
		{001D66FC-F0C4-4A17-86EE-50765489535B}.Debug|x86.ActiveCfg = Debug|Any CPU
		{001D66FC-F0C4-4A17-86EE-50765489535B}.Debug|x86.Build.0 = Debug|Any CPU
		{001D66FC-F0C4-4A17-86EE-50765489535B}.Release|Any CPU.ActiveCfg = Release|Any CPU
		{001D66FC-F0C4-4A17-86EE-50765489535B}.Release|Any CPU.Build.0 = Release|Any CPU
		{001D66FC-F0C4-4A17-86EE-50765489535B}.Release|x64.ActiveCfg = Release|Any CPU
		{001D66FC-F0C4-4A17-86EE-50765489535B}.Release|x64.Build.0 = Release|Any CPU
		{001D66FC-F0C4-4A17-86EE-50765489535B}.Release|x86.ActiveCfg = Release|Any CPU
		{001D66FC-F0C4-4A17-86EE-50765489535B}.Release|x86.Build.0 = Release|Any CPU
		{01688B8B-4211-4065-886B-627659773EB1}.Debug|Any CPU.ActiveCfg = Debug|Any CPU
		{01688B8B-4211-4065-886B-627659773EB1}.Debug|Any CPU.Build.0 = Debug|Any CPU
		{01688B8B-4211-4065-886B-627659773EB1}.Debug|x64.ActiveCfg = Debug|Any CPU
		{01688B8B-4211-4065-886B-627659773EB1}.Debug|x64.Build.0 = Debug|Any CPU
		{01688B8B-4211-4065-886B-627659773EB1}.Debug|x86.ActiveCfg = Debug|Any CPU
		{01688B8B-4211-4065-886B-627659773EB1}.Debug|x86.Build.0 = Debug|Any CPU
		{01688B8B-4211-4065-886B-627659773EB1}.Release|Any CPU.ActiveCfg = Release|Any CPU
		{01688B8B-4211-4065-886B-627659773EB1}.Release|Any CPU.Build.0 = Release|Any CPU
		{01688B8B-4211-4065-886B-627659773EB1}.Release|x64.ActiveCfg = Release|Any CPU
		{01688B8B-4211-4065-886B-627659773EB1}.Release|x64.Build.0 = Release|Any CPU
		{01688B8B-4211-4065-886B-627659773EB1}.Release|x86.ActiveCfg = Release|Any CPU
		{01688B8B-4211-4065-886B-627659773EB1}.Release|x86.Build.0 = Release|Any CPU
		{2E94F180-2D91-4F5E-91E7-2E964275B743}.Debug|Any CPU.ActiveCfg = Debug|Any CPU
		{2E94F180-2D91-4F5E-91E7-2E964275B743}.Debug|Any CPU.Build.0 = Debug|Any CPU
		{2E94F180-2D91-4F5E-91E7-2E964275B743}.Debug|x64.ActiveCfg = Debug|Any CPU
		{2E94F180-2D91-4F5E-91E7-2E964275B743}.Debug|x64.Build.0 = Debug|Any CPU
		{2E94F180-2D91-4F5E-91E7-2E964275B743}.Debug|x86.ActiveCfg = Debug|Any CPU
		{2E94F180-2D91-4F5E-91E7-2E964275B743}.Debug|x86.Build.0 = Debug|Any CPU
		{2E94F180-2D91-4F5E-91E7-2E964275B743}.Release|Any CPU.ActiveCfg = Release|Any CPU
		{2E94F180-2D91-4F5E-91E7-2E964275B743}.Release|Any CPU.Build.0 = Release|Any CPU
		{2E94F180-2D91-4F5E-91E7-2E964275B743}.Release|x64.ActiveCfg = Release|Any CPU
		{2E94F180-2D91-4F5E-91E7-2E964275B743}.Release|x64.Build.0 = Release|Any CPU
		{2E94F180-2D91-4F5E-91E7-2E964275B743}.Release|x86.ActiveCfg = Release|Any CPU
		{2E94F180-2D91-4F5E-91E7-2E964275B743}.Release|x86.Build.0 = Release|Any CPU
		{2119D044-8456-4D51-8EAB-52C82CEBD50E}.Debug|Any CPU.ActiveCfg = Debug|Any CPU
		{2119D044-8456-4D51-8EAB-52C82CEBD50E}.Debug|Any CPU.Build.0 = Debug|Any CPU
		{2119D044-8456-4D51-8EAB-52C82CEBD50E}.Debug|x64.ActiveCfg = Debug|Any CPU
		{2119D044-8456-4D51-8EAB-52C82CEBD50E}.Debug|x64.Build.0 = Debug|Any CPU
		{2119D044-8456-4D51-8EAB-52C82CEBD50E}.Debug|x86.ActiveCfg = Debug|Any CPU
		{2119D044-8456-4D51-8EAB-52C82CEBD50E}.Debug|x86.Build.0 = Debug|Any CPU
		{2119D044-8456-4D51-8EAB-52C82CEBD50E}.Release|Any CPU.ActiveCfg = Release|Any CPU
		{2119D044-8456-4D51-8EAB-52C82CEBD50E}.Release|Any CPU.Build.0 = Release|Any CPU
		{2119D044-8456-4D51-8EAB-52C82CEBD50E}.Release|x64.ActiveCfg = Release|Any CPU
		{2119D044-8456-4D51-8EAB-52C82CEBD50E}.Release|x64.Build.0 = Release|Any CPU
		{2119D044-8456-4D51-8EAB-52C82CEBD50E}.Release|x86.ActiveCfg = Release|Any CPU
		{2119D044-8456-4D51-8EAB-52C82CEBD50E}.Release|x86.Build.0 = Release|Any CPU
		{1109A817-8B8D-479D-9973-E9C916B595AC}.Debug|Any CPU.ActiveCfg = Debug|Any CPU
		{1109A817-8B8D-479D-9973-E9C916B595AC}.Debug|Any CPU.Build.0 = Debug|Any CPU
		{1109A817-8B8D-479D-9973-E9C916B595AC}.Debug|x64.ActiveCfg = Debug|Any CPU
		{1109A817-8B8D-479D-9973-E9C916B595AC}.Debug|x64.Build.0 = Debug|Any CPU
		{1109A817-8B8D-479D-9973-E9C916B595AC}.Debug|x86.ActiveCfg = Debug|Any CPU
		{1109A817-8B8D-479D-9973-E9C916B595AC}.Debug|x86.Build.0 = Debug|Any CPU
		{1109A817-8B8D-479D-9973-E9C916B595AC}.Release|Any CPU.ActiveCfg = Release|Any CPU
		{1109A817-8B8D-479D-9973-E9C916B595AC}.Release|Any CPU.Build.0 = Release|Any CPU
		{1109A817-8B8D-479D-9973-E9C916B595AC}.Release|x64.ActiveCfg = Release|Any CPU
		{1109A817-8B8D-479D-9973-E9C916B595AC}.Release|x64.Build.0 = Release|Any CPU
		{1109A817-8B8D-479D-9973-E9C916B595AC}.Release|x86.ActiveCfg = Release|Any CPU
		{1109A817-8B8D-479D-9973-E9C916B595AC}.Release|x86.Build.0 = Release|Any CPU
		{6ED05895-77DF-47DF-9A08-18159ECFA66A}.Debug|Any CPU.ActiveCfg = Debug|Any CPU
		{6ED05895-77DF-47DF-9A08-18159ECFA66A}.Debug|Any CPU.Build.0 = Debug|Any CPU
		{6ED05895-77DF-47DF-9A08-18159ECFA66A}.Debug|x64.ActiveCfg = Debug|Any CPU
		{6ED05895-77DF-47DF-9A08-18159ECFA66A}.Debug|x64.Build.0 = Debug|Any CPU
		{6ED05895-77DF-47DF-9A08-18159ECFA66A}.Debug|x86.ActiveCfg = Debug|Any CPU
		{6ED05895-77DF-47DF-9A08-18159ECFA66A}.Debug|x86.Build.0 = Debug|Any CPU
		{6ED05895-77DF-47DF-9A08-18159ECFA66A}.Release|Any CPU.ActiveCfg = Release|Any CPU
		{6ED05895-77DF-47DF-9A08-18159ECFA66A}.Release|Any CPU.Build.0 = Release|Any CPU
		{6ED05895-77DF-47DF-9A08-18159ECFA66A}.Release|x64.ActiveCfg = Release|Any CPU
		{6ED05895-77DF-47DF-9A08-18159ECFA66A}.Release|x64.Build.0 = Release|Any CPU
		{6ED05895-77DF-47DF-9A08-18159ECFA66A}.Release|x86.ActiveCfg = Release|Any CPU
		{6ED05895-77DF-47DF-9A08-18159ECFA66A}.Release|x86.Build.0 = Release|Any CPU
		{C46ADDA0-D467-46FB-9017-28051D2CF512}.Debug|Any CPU.ActiveCfg = Debug|Any CPU
		{C46ADDA0-D467-46FB-9017-28051D2CF512}.Debug|Any CPU.Build.0 = Debug|Any CPU
		{C46ADDA0-D467-46FB-9017-28051D2CF512}.Debug|x64.ActiveCfg = Debug|Any CPU
		{C46ADDA0-D467-46FB-9017-28051D2CF512}.Debug|x64.Build.0 = Debug|Any CPU
		{C46ADDA0-D467-46FB-9017-28051D2CF512}.Debug|x86.ActiveCfg = Debug|Any CPU
		{C46ADDA0-D467-46FB-9017-28051D2CF512}.Debug|x86.Build.0 = Debug|Any CPU
		{C46ADDA0-D467-46FB-9017-28051D2CF512}.Release|Any CPU.ActiveCfg = Release|Any CPU
		{C46ADDA0-D467-46FB-9017-28051D2CF512}.Release|Any CPU.Build.0 = Release|Any CPU
		{C46ADDA0-D467-46FB-9017-28051D2CF512}.Release|x64.ActiveCfg = Release|Any CPU
		{C46ADDA0-D467-46FB-9017-28051D2CF512}.Release|x64.Build.0 = Release|Any CPU
		{C46ADDA0-D467-46FB-9017-28051D2CF512}.Release|x86.ActiveCfg = Release|Any CPU
		{C46ADDA0-D467-46FB-9017-28051D2CF512}.Release|x86.Build.0 = Release|Any CPU
		{F8975784-BB7E-4550-BDE1-682E99D8046F}.Debug|Any CPU.ActiveCfg = Debug|Any CPU
		{F8975784-BB7E-4550-BDE1-682E99D8046F}.Debug|Any CPU.Build.0 = Debug|Any CPU
		{F8975784-BB7E-4550-BDE1-682E99D8046F}.Debug|x64.ActiveCfg = Debug|Any CPU
		{F8975784-BB7E-4550-BDE1-682E99D8046F}.Debug|x64.Build.0 = Debug|Any CPU
		{F8975784-BB7E-4550-BDE1-682E99D8046F}.Debug|x86.ActiveCfg = Debug|Any CPU
		{F8975784-BB7E-4550-BDE1-682E99D8046F}.Debug|x86.Build.0 = Debug|Any CPU
		{F8975784-BB7E-4550-BDE1-682E99D8046F}.Release|Any CPU.ActiveCfg = Release|Any CPU
		{F8975784-BB7E-4550-BDE1-682E99D8046F}.Release|Any CPU.Build.0 = Release|Any CPU
		{F8975784-BB7E-4550-BDE1-682E99D8046F}.Release|x64.ActiveCfg = Release|Any CPU
		{F8975784-BB7E-4550-BDE1-682E99D8046F}.Release|x64.Build.0 = Release|Any CPU
		{F8975784-BB7E-4550-BDE1-682E99D8046F}.Release|x86.ActiveCfg = Release|Any CPU
		{F8975784-BB7E-4550-BDE1-682E99D8046F}.Release|x86.Build.0 = Release|Any CPU
		{20AD351F-C113-4311-A294-B3965DFB6D17}.Debug|Any CPU.ActiveCfg = Debug|Any CPU
		{20AD351F-C113-4311-A294-B3965DFB6D17}.Debug|Any CPU.Build.0 = Debug|Any CPU
		{20AD351F-C113-4311-A294-B3965DFB6D17}.Debug|x64.ActiveCfg = Debug|Any CPU
		{20AD351F-C113-4311-A294-B3965DFB6D17}.Debug|x64.Build.0 = Debug|Any CPU
		{20AD351F-C113-4311-A294-B3965DFB6D17}.Debug|x86.ActiveCfg = Debug|Any CPU
		{20AD351F-C113-4311-A294-B3965DFB6D17}.Debug|x86.Build.0 = Debug|Any CPU
		{20AD351F-C113-4311-A294-B3965DFB6D17}.Release|Any CPU.ActiveCfg = Release|Any CPU
		{20AD351F-C113-4311-A294-B3965DFB6D17}.Release|Any CPU.Build.0 = Release|Any CPU
		{20AD351F-C113-4311-A294-B3965DFB6D17}.Release|x64.ActiveCfg = Release|Any CPU
		{20AD351F-C113-4311-A294-B3965DFB6D17}.Release|x64.Build.0 = Release|Any CPU
		{20AD351F-C113-4311-A294-B3965DFB6D17}.Release|x86.ActiveCfg = Release|Any CPU
		{20AD351F-C113-4311-A294-B3965DFB6D17}.Release|x86.Build.0 = Release|Any CPU
		{B6FF22FF-BF8B-460A-86E3-0A65EFD7A2A2}.Debug|Any CPU.ActiveCfg = Debug|Any CPU
		{B6FF22FF-BF8B-460A-86E3-0A65EFD7A2A2}.Debug|Any CPU.Build.0 = Debug|Any CPU
		{B6FF22FF-BF8B-460A-86E3-0A65EFD7A2A2}.Debug|x64.ActiveCfg = Debug|Any CPU
		{B6FF22FF-BF8B-460A-86E3-0A65EFD7A2A2}.Debug|x64.Build.0 = Debug|Any CPU
		{B6FF22FF-BF8B-460A-86E3-0A65EFD7A2A2}.Debug|x86.ActiveCfg = Debug|Any CPU
		{B6FF22FF-BF8B-460A-86E3-0A65EFD7A2A2}.Debug|x86.Build.0 = Debug|Any CPU
		{B6FF22FF-BF8B-460A-86E3-0A65EFD7A2A2}.Release|Any CPU.ActiveCfg = Release|Any CPU
		{B6FF22FF-BF8B-460A-86E3-0A65EFD7A2A2}.Release|Any CPU.Build.0 = Release|Any CPU
		{B6FF22FF-BF8B-460A-86E3-0A65EFD7A2A2}.Release|x64.ActiveCfg = Release|Any CPU
		{B6FF22FF-BF8B-460A-86E3-0A65EFD7A2A2}.Release|x64.Build.0 = Release|Any CPU
		{B6FF22FF-BF8B-460A-86E3-0A65EFD7A2A2}.Release|x86.ActiveCfg = Release|Any CPU
		{B6FF22FF-BF8B-460A-86E3-0A65EFD7A2A2}.Release|x86.Build.0 = Release|Any CPU
		{6E51566D-19FF-42B9-805A-6BAA29C3812F}.Debug|Any CPU.ActiveCfg = Debug|Any CPU
		{6E51566D-19FF-42B9-805A-6BAA29C3812F}.Debug|Any CPU.Build.0 = Debug|Any CPU
		{6E51566D-19FF-42B9-805A-6BAA29C3812F}.Debug|x64.ActiveCfg = Debug|Any CPU
		{6E51566D-19FF-42B9-805A-6BAA29C3812F}.Debug|x64.Build.0 = Debug|Any CPU
		{6E51566D-19FF-42B9-805A-6BAA29C3812F}.Debug|x86.ActiveCfg = Debug|Any CPU
		{6E51566D-19FF-42B9-805A-6BAA29C3812F}.Debug|x86.Build.0 = Debug|Any CPU
		{6E51566D-19FF-42B9-805A-6BAA29C3812F}.Release|Any CPU.ActiveCfg = Release|Any CPU
		{6E51566D-19FF-42B9-805A-6BAA29C3812F}.Release|Any CPU.Build.0 = Release|Any CPU
		{6E51566D-19FF-42B9-805A-6BAA29C3812F}.Release|x64.ActiveCfg = Release|Any CPU
		{6E51566D-19FF-42B9-805A-6BAA29C3812F}.Release|x64.Build.0 = Release|Any CPU
		{6E51566D-19FF-42B9-805A-6BAA29C3812F}.Release|x86.ActiveCfg = Release|Any CPU
		{6E51566D-19FF-42B9-805A-6BAA29C3812F}.Release|x86.Build.0 = Release|Any CPU
		{7D4CB1C8-F5AD-4600-81EE-D220F04FF74F}.Debug|Any CPU.ActiveCfg = Debug|Any CPU
		{7D4CB1C8-F5AD-4600-81EE-D220F04FF74F}.Debug|Any CPU.Build.0 = Debug|Any CPU
		{7D4CB1C8-F5AD-4600-81EE-D220F04FF74F}.Debug|x64.ActiveCfg = Debug|Any CPU
		{7D4CB1C8-F5AD-4600-81EE-D220F04FF74F}.Debug|x64.Build.0 = Debug|Any CPU
		{7D4CB1C8-F5AD-4600-81EE-D220F04FF74F}.Debug|x86.ActiveCfg = Debug|Any CPU
		{7D4CB1C8-F5AD-4600-81EE-D220F04FF74F}.Debug|x86.Build.0 = Debug|Any CPU
		{7D4CB1C8-F5AD-4600-81EE-D220F04FF74F}.Release|Any CPU.ActiveCfg = Release|Any CPU
		{7D4CB1C8-F5AD-4600-81EE-D220F04FF74F}.Release|Any CPU.Build.0 = Release|Any CPU
		{7D4CB1C8-F5AD-4600-81EE-D220F04FF74F}.Release|x64.ActiveCfg = Release|Any CPU
		{7D4CB1C8-F5AD-4600-81EE-D220F04FF74F}.Release|x64.Build.0 = Release|Any CPU
		{7D4CB1C8-F5AD-4600-81EE-D220F04FF74F}.Release|x86.ActiveCfg = Release|Any CPU
		{7D4CB1C8-F5AD-4600-81EE-D220F04FF74F}.Release|x86.Build.0 = Release|Any CPU
		{44C4B4BA-3211-4E25-9252-B0F2B286A796}.Debug|Any CPU.ActiveCfg = Debug|Any CPU
		{44C4B4BA-3211-4E25-9252-B0F2B286A796}.Debug|Any CPU.Build.0 = Debug|Any CPU
		{44C4B4BA-3211-4E25-9252-B0F2B286A796}.Debug|x64.ActiveCfg = Debug|Any CPU
		{44C4B4BA-3211-4E25-9252-B0F2B286A796}.Debug|x64.Build.0 = Debug|Any CPU
		{44C4B4BA-3211-4E25-9252-B0F2B286A796}.Debug|x86.ActiveCfg = Debug|Any CPU
		{44C4B4BA-3211-4E25-9252-B0F2B286A796}.Debug|x86.Build.0 = Debug|Any CPU
		{44C4B4BA-3211-4E25-9252-B0F2B286A796}.Release|Any CPU.ActiveCfg = Release|Any CPU
		{44C4B4BA-3211-4E25-9252-B0F2B286A796}.Release|Any CPU.Build.0 = Release|Any CPU
		{44C4B4BA-3211-4E25-9252-B0F2B286A796}.Release|x64.ActiveCfg = Release|Any CPU
		{44C4B4BA-3211-4E25-9252-B0F2B286A796}.Release|x64.Build.0 = Release|Any CPU
		{44C4B4BA-3211-4E25-9252-B0F2B286A796}.Release|x86.ActiveCfg = Release|Any CPU
		{44C4B4BA-3211-4E25-9252-B0F2B286A796}.Release|x86.Build.0 = Release|Any CPU
		{8C52A88F-4953-4B42-8B0F-21D6D9E3B54E}.Debug|Any CPU.ActiveCfg = Debug|Any CPU
		{8C52A88F-4953-4B42-8B0F-21D6D9E3B54E}.Debug|Any CPU.Build.0 = Debug|Any CPU
		{8C52A88F-4953-4B42-8B0F-21D6D9E3B54E}.Debug|x64.ActiveCfg = Debug|Any CPU
		{8C52A88F-4953-4B42-8B0F-21D6D9E3B54E}.Debug|x64.Build.0 = Debug|Any CPU
		{8C52A88F-4953-4B42-8B0F-21D6D9E3B54E}.Debug|x86.ActiveCfg = Debug|Any CPU
		{8C52A88F-4953-4B42-8B0F-21D6D9E3B54E}.Debug|x86.Build.0 = Debug|Any CPU
		{8C52A88F-4953-4B42-8B0F-21D6D9E3B54E}.Release|Any CPU.ActiveCfg = Release|Any CPU
		{8C52A88F-4953-4B42-8B0F-21D6D9E3B54E}.Release|Any CPU.Build.0 = Release|Any CPU
		{8C52A88F-4953-4B42-8B0F-21D6D9E3B54E}.Release|x64.ActiveCfg = Release|Any CPU
		{8C52A88F-4953-4B42-8B0F-21D6D9E3B54E}.Release|x64.Build.0 = Release|Any CPU
		{8C52A88F-4953-4B42-8B0F-21D6D9E3B54E}.Release|x86.ActiveCfg = Release|Any CPU
		{8C52A88F-4953-4B42-8B0F-21D6D9E3B54E}.Release|x86.Build.0 = Release|Any CPU
		{1F798EDD-FC9B-49F4-8D27-8FE88E20F2A6}.Debug|Any CPU.ActiveCfg = Debug|Any CPU
		{1F798EDD-FC9B-49F4-8D27-8FE88E20F2A6}.Debug|Any CPU.Build.0 = Debug|Any CPU
		{1F798EDD-FC9B-49F4-8D27-8FE88E20F2A6}.Debug|x64.ActiveCfg = Debug|Any CPU
		{1F798EDD-FC9B-49F4-8D27-8FE88E20F2A6}.Debug|x64.Build.0 = Debug|Any CPU
		{1F798EDD-FC9B-49F4-8D27-8FE88E20F2A6}.Debug|x86.ActiveCfg = Debug|Any CPU
		{1F798EDD-FC9B-49F4-8D27-8FE88E20F2A6}.Debug|x86.Build.0 = Debug|Any CPU
		{1F798EDD-FC9B-49F4-8D27-8FE88E20F2A6}.Release|Any CPU.ActiveCfg = Release|Any CPU
		{1F798EDD-FC9B-49F4-8D27-8FE88E20F2A6}.Release|Any CPU.Build.0 = Release|Any CPU
		{1F798EDD-FC9B-49F4-8D27-8FE88E20F2A6}.Release|x64.ActiveCfg = Release|Any CPU
		{1F798EDD-FC9B-49F4-8D27-8FE88E20F2A6}.Release|x64.Build.0 = Release|Any CPU
		{1F798EDD-FC9B-49F4-8D27-8FE88E20F2A6}.Release|x86.ActiveCfg = Release|Any CPU
		{1F798EDD-FC9B-49F4-8D27-8FE88E20F2A6}.Release|x86.Build.0 = Release|Any CPU
		{56559821-7C43-4119-BD19-EC7503195CD7}.Debug|Any CPU.ActiveCfg = Debug|Any CPU
		{56559821-7C43-4119-BD19-EC7503195CD7}.Debug|Any CPU.Build.0 = Debug|Any CPU
		{56559821-7C43-4119-BD19-EC7503195CD7}.Debug|x64.ActiveCfg = Debug|Any CPU
		{56559821-7C43-4119-BD19-EC7503195CD7}.Debug|x64.Build.0 = Debug|Any CPU
		{56559821-7C43-4119-BD19-EC7503195CD7}.Debug|x86.ActiveCfg = Debug|Any CPU
		{56559821-7C43-4119-BD19-EC7503195CD7}.Debug|x86.Build.0 = Debug|Any CPU
		{56559821-7C43-4119-BD19-EC7503195CD7}.Release|Any CPU.ActiveCfg = Release|Any CPU
		{56559821-7C43-4119-BD19-EC7503195CD7}.Release|Any CPU.Build.0 = Release|Any CPU
		{56559821-7C43-4119-BD19-EC7503195CD7}.Release|x64.ActiveCfg = Release|Any CPU
		{56559821-7C43-4119-BD19-EC7503195CD7}.Release|x64.Build.0 = Release|Any CPU
		{56559821-7C43-4119-BD19-EC7503195CD7}.Release|x86.ActiveCfg = Release|Any CPU
		{56559821-7C43-4119-BD19-EC7503195CD7}.Release|x86.Build.0 = Release|Any CPU
		{8671FC98-B557-41CF-9EF0-9A08372E44F9}.Debug|Any CPU.ActiveCfg = Debug|Any CPU
		{8671FC98-B557-41CF-9EF0-9A08372E44F9}.Debug|Any CPU.Build.0 = Debug|Any CPU
		{8671FC98-B557-41CF-9EF0-9A08372E44F9}.Debug|x64.ActiveCfg = Debug|Any CPU
		{8671FC98-B557-41CF-9EF0-9A08372E44F9}.Debug|x64.Build.0 = Debug|Any CPU
		{8671FC98-B557-41CF-9EF0-9A08372E44F9}.Debug|x86.ActiveCfg = Debug|Any CPU
		{8671FC98-B557-41CF-9EF0-9A08372E44F9}.Debug|x86.Build.0 = Debug|Any CPU
		{8671FC98-B557-41CF-9EF0-9A08372E44F9}.Release|Any CPU.ActiveCfg = Release|Any CPU
		{8671FC98-B557-41CF-9EF0-9A08372E44F9}.Release|Any CPU.Build.0 = Release|Any CPU
		{8671FC98-B557-41CF-9EF0-9A08372E44F9}.Release|x64.ActiveCfg = Release|Any CPU
		{8671FC98-B557-41CF-9EF0-9A08372E44F9}.Release|x64.Build.0 = Release|Any CPU
		{8671FC98-B557-41CF-9EF0-9A08372E44F9}.Release|x86.ActiveCfg = Release|Any CPU
		{8671FC98-B557-41CF-9EF0-9A08372E44F9}.Release|x86.Build.0 = Release|Any CPU
		{62488580-229C-4C70-9451-48F14C413BDC}.Debug|Any CPU.ActiveCfg = Debug|Any CPU
		{62488580-229C-4C70-9451-48F14C413BDC}.Debug|Any CPU.Build.0 = Debug|Any CPU
		{62488580-229C-4C70-9451-48F14C413BDC}.Debug|x64.ActiveCfg = Debug|Any CPU
		{62488580-229C-4C70-9451-48F14C413BDC}.Debug|x64.Build.0 = Debug|Any CPU
		{62488580-229C-4C70-9451-48F14C413BDC}.Debug|x86.ActiveCfg = Debug|Any CPU
		{62488580-229C-4C70-9451-48F14C413BDC}.Debug|x86.Build.0 = Debug|Any CPU
		{62488580-229C-4C70-9451-48F14C413BDC}.Release|Any CPU.ActiveCfg = Release|Any CPU
		{62488580-229C-4C70-9451-48F14C413BDC}.Release|Any CPU.Build.0 = Release|Any CPU
		{62488580-229C-4C70-9451-48F14C413BDC}.Release|x64.ActiveCfg = Release|Any CPU
		{62488580-229C-4C70-9451-48F14C413BDC}.Release|x64.Build.0 = Release|Any CPU
		{62488580-229C-4C70-9451-48F14C413BDC}.Release|x86.ActiveCfg = Release|Any CPU
		{62488580-229C-4C70-9451-48F14C413BDC}.Release|x86.Build.0 = Release|Any CPU
		{51C11FFD-5B01-4EAB-83F9-3826EB01D626}.Debug|Any CPU.ActiveCfg = Debug|Any CPU
		{51C11FFD-5B01-4EAB-83F9-3826EB01D626}.Debug|Any CPU.Build.0 = Debug|Any CPU
		{51C11FFD-5B01-4EAB-83F9-3826EB01D626}.Debug|x64.ActiveCfg = Debug|Any CPU
		{51C11FFD-5B01-4EAB-83F9-3826EB01D626}.Debug|x64.Build.0 = Debug|Any CPU
		{51C11FFD-5B01-4EAB-83F9-3826EB01D626}.Debug|x86.ActiveCfg = Debug|Any CPU
		{51C11FFD-5B01-4EAB-83F9-3826EB01D626}.Debug|x86.Build.0 = Debug|Any CPU
		{51C11FFD-5B01-4EAB-83F9-3826EB01D626}.Release|Any CPU.ActiveCfg = Release|Any CPU
		{51C11FFD-5B01-4EAB-83F9-3826EB01D626}.Release|Any CPU.Build.0 = Release|Any CPU
		{51C11FFD-5B01-4EAB-83F9-3826EB01D626}.Release|x64.ActiveCfg = Release|Any CPU
		{51C11FFD-5B01-4EAB-83F9-3826EB01D626}.Release|x64.Build.0 = Release|Any CPU
		{51C11FFD-5B01-4EAB-83F9-3826EB01D626}.Release|x86.ActiveCfg = Release|Any CPU
		{51C11FFD-5B01-4EAB-83F9-3826EB01D626}.Release|x86.Build.0 = Release|Any CPU
		{ED32851D-EA34-4D75-94D7-4D9AE941E1E9}.Debug|Any CPU.ActiveCfg = Debug|Any CPU
		{ED32851D-EA34-4D75-94D7-4D9AE941E1E9}.Debug|Any CPU.Build.0 = Debug|Any CPU
		{ED32851D-EA34-4D75-94D7-4D9AE941E1E9}.Debug|x64.ActiveCfg = Debug|Any CPU
		{ED32851D-EA34-4D75-94D7-4D9AE941E1E9}.Debug|x64.Build.0 = Debug|Any CPU
		{ED32851D-EA34-4D75-94D7-4D9AE941E1E9}.Debug|x86.ActiveCfg = Debug|Any CPU
		{ED32851D-EA34-4D75-94D7-4D9AE941E1E9}.Debug|x86.Build.0 = Debug|Any CPU
		{ED32851D-EA34-4D75-94D7-4D9AE941E1E9}.Release|Any CPU.ActiveCfg = Release|Any CPU
		{ED32851D-EA34-4D75-94D7-4D9AE941E1E9}.Release|Any CPU.Build.0 = Release|Any CPU
		{ED32851D-EA34-4D75-94D7-4D9AE941E1E9}.Release|x64.ActiveCfg = Release|Any CPU
		{ED32851D-EA34-4D75-94D7-4D9AE941E1E9}.Release|x64.Build.0 = Release|Any CPU
		{ED32851D-EA34-4D75-94D7-4D9AE941E1E9}.Release|x86.ActiveCfg = Release|Any CPU
		{ED32851D-EA34-4D75-94D7-4D9AE941E1E9}.Release|x86.Build.0 = Release|Any CPU
		{34EB807A-68BC-427B-9895-A3F56C0C0E47}.Debug|Any CPU.ActiveCfg = Debug|Any CPU
		{34EB807A-68BC-427B-9895-A3F56C0C0E47}.Debug|Any CPU.Build.0 = Debug|Any CPU
		{34EB807A-68BC-427B-9895-A3F56C0C0E47}.Debug|x64.ActiveCfg = Debug|Any CPU
		{34EB807A-68BC-427B-9895-A3F56C0C0E47}.Debug|x64.Build.0 = Debug|Any CPU
		{34EB807A-68BC-427B-9895-A3F56C0C0E47}.Debug|x86.ActiveCfg = Debug|Any CPU
		{34EB807A-68BC-427B-9895-A3F56C0C0E47}.Debug|x86.Build.0 = Debug|Any CPU
		{34EB807A-68BC-427B-9895-A3F56C0C0E47}.Release|Any CPU.ActiveCfg = Release|Any CPU
		{34EB807A-68BC-427B-9895-A3F56C0C0E47}.Release|Any CPU.Build.0 = Release|Any CPU
		{34EB807A-68BC-427B-9895-A3F56C0C0E47}.Release|x64.ActiveCfg = Release|Any CPU
		{34EB807A-68BC-427B-9895-A3F56C0C0E47}.Release|x64.Build.0 = Release|Any CPU
		{34EB807A-68BC-427B-9895-A3F56C0C0E47}.Release|x86.ActiveCfg = Release|Any CPU
		{34EB807A-68BC-427B-9895-A3F56C0C0E47}.Release|x86.Build.0 = Release|Any CPU
		{34CC3B6F-5B7F-4743-BB99-D13A6389FA30}.Debug|Any CPU.ActiveCfg = Debug|Any CPU
		{34CC3B6F-5B7F-4743-BB99-D13A6389FA30}.Debug|Any CPU.Build.0 = Debug|Any CPU
		{34CC3B6F-5B7F-4743-BB99-D13A6389FA30}.Debug|x64.ActiveCfg = Debug|Any CPU
		{34CC3B6F-5B7F-4743-BB99-D13A6389FA30}.Debug|x64.Build.0 = Debug|Any CPU
		{34CC3B6F-5B7F-4743-BB99-D13A6389FA30}.Debug|x86.ActiveCfg = Debug|Any CPU
		{34CC3B6F-5B7F-4743-BB99-D13A6389FA30}.Debug|x86.Build.0 = Debug|Any CPU
		{34CC3B6F-5B7F-4743-BB99-D13A6389FA30}.Release|Any CPU.ActiveCfg = Release|Any CPU
		{34CC3B6F-5B7F-4743-BB99-D13A6389FA30}.Release|Any CPU.Build.0 = Release|Any CPU
		{34CC3B6F-5B7F-4743-BB99-D13A6389FA30}.Release|x64.ActiveCfg = Release|Any CPU
		{34CC3B6F-5B7F-4743-BB99-D13A6389FA30}.Release|x64.Build.0 = Release|Any CPU
		{34CC3B6F-5B7F-4743-BB99-D13A6389FA30}.Release|x86.ActiveCfg = Release|Any CPU
		{34CC3B6F-5B7F-4743-BB99-D13A6389FA30}.Release|x86.Build.0 = Release|Any CPU
		{3004A799-F4BD-49E2-85A4-E7059D337FC4}.Debug|Any CPU.ActiveCfg = Debug|Any CPU
		{3004A799-F4BD-49E2-85A4-E7059D337FC4}.Debug|Any CPU.Build.0 = Debug|Any CPU
		{3004A799-F4BD-49E2-85A4-E7059D337FC4}.Debug|x64.ActiveCfg = Debug|Any CPU
		{3004A799-F4BD-49E2-85A4-E7059D337FC4}.Debug|x64.Build.0 = Debug|Any CPU
		{3004A799-F4BD-49E2-85A4-E7059D337FC4}.Debug|x86.ActiveCfg = Debug|Any CPU
		{3004A799-F4BD-49E2-85A4-E7059D337FC4}.Debug|x86.Build.0 = Debug|Any CPU
		{3004A799-F4BD-49E2-85A4-E7059D337FC4}.Release|Any CPU.ActiveCfg = Release|Any CPU
		{3004A799-F4BD-49E2-85A4-E7059D337FC4}.Release|Any CPU.Build.0 = Release|Any CPU
		{3004A799-F4BD-49E2-85A4-E7059D337FC4}.Release|x64.ActiveCfg = Release|Any CPU
		{3004A799-F4BD-49E2-85A4-E7059D337FC4}.Release|x64.Build.0 = Release|Any CPU
		{3004A799-F4BD-49E2-85A4-E7059D337FC4}.Release|x86.ActiveCfg = Release|Any CPU
		{3004A799-F4BD-49E2-85A4-E7059D337FC4}.Release|x86.Build.0 = Release|Any CPU
		{01F2AB8C-CE4E-400E-8072-149FD676F9FE}.Debug|Any CPU.ActiveCfg = Debug|Any CPU
		{01F2AB8C-CE4E-400E-8072-149FD676F9FE}.Debug|Any CPU.Build.0 = Debug|Any CPU
		{01F2AB8C-CE4E-400E-8072-149FD676F9FE}.Debug|x64.ActiveCfg = Debug|Any CPU
		{01F2AB8C-CE4E-400E-8072-149FD676F9FE}.Debug|x64.Build.0 = Debug|Any CPU
		{01F2AB8C-CE4E-400E-8072-149FD676F9FE}.Debug|x86.ActiveCfg = Debug|Any CPU
		{01F2AB8C-CE4E-400E-8072-149FD676F9FE}.Debug|x86.Build.0 = Debug|Any CPU
		{01F2AB8C-CE4E-400E-8072-149FD676F9FE}.Release|Any CPU.ActiveCfg = Release|Any CPU
		{01F2AB8C-CE4E-400E-8072-149FD676F9FE}.Release|Any CPU.Build.0 = Release|Any CPU
		{01F2AB8C-CE4E-400E-8072-149FD676F9FE}.Release|x64.ActiveCfg = Release|Any CPU
		{01F2AB8C-CE4E-400E-8072-149FD676F9FE}.Release|x64.Build.0 = Release|Any CPU
		{01F2AB8C-CE4E-400E-8072-149FD676F9FE}.Release|x86.ActiveCfg = Release|Any CPU
		{01F2AB8C-CE4E-400E-8072-149FD676F9FE}.Release|x86.Build.0 = Release|Any CPU
		{CD3E24EF-6AD5-49C4-8C96-BBF50E39AE67}.Debug|Any CPU.ActiveCfg = Debug|Any CPU
		{CD3E24EF-6AD5-49C4-8C96-BBF50E39AE67}.Debug|Any CPU.Build.0 = Debug|Any CPU
		{CD3E24EF-6AD5-49C4-8C96-BBF50E39AE67}.Debug|x64.ActiveCfg = Debug|Any CPU
		{CD3E24EF-6AD5-49C4-8C96-BBF50E39AE67}.Debug|x64.Build.0 = Debug|Any CPU
		{CD3E24EF-6AD5-49C4-8C96-BBF50E39AE67}.Debug|x86.ActiveCfg = Debug|Any CPU
		{CD3E24EF-6AD5-49C4-8C96-BBF50E39AE67}.Debug|x86.Build.0 = Debug|Any CPU
		{CD3E24EF-6AD5-49C4-8C96-BBF50E39AE67}.Release|Any CPU.ActiveCfg = Release|Any CPU
		{CD3E24EF-6AD5-49C4-8C96-BBF50E39AE67}.Release|Any CPU.Build.0 = Release|Any CPU
		{CD3E24EF-6AD5-49C4-8C96-BBF50E39AE67}.Release|x64.ActiveCfg = Release|Any CPU
		{CD3E24EF-6AD5-49C4-8C96-BBF50E39AE67}.Release|x64.Build.0 = Release|Any CPU
		{CD3E24EF-6AD5-49C4-8C96-BBF50E39AE67}.Release|x86.ActiveCfg = Release|Any CPU
		{CD3E24EF-6AD5-49C4-8C96-BBF50E39AE67}.Release|x86.Build.0 = Release|Any CPU
		{A1D9C398-69CA-434A-96FD-E418CFF32E57}.Debug|Any CPU.ActiveCfg = Debug|Any CPU
		{A1D9C398-69CA-434A-96FD-E418CFF32E57}.Debug|Any CPU.Build.0 = Debug|Any CPU
		{A1D9C398-69CA-434A-96FD-E418CFF32E57}.Debug|x64.ActiveCfg = Debug|Any CPU
		{A1D9C398-69CA-434A-96FD-E418CFF32E57}.Debug|x64.Build.0 = Debug|Any CPU
		{A1D9C398-69CA-434A-96FD-E418CFF32E57}.Debug|x86.ActiveCfg = Debug|Any CPU
		{A1D9C398-69CA-434A-96FD-E418CFF32E57}.Debug|x86.Build.0 = Debug|Any CPU
		{A1D9C398-69CA-434A-96FD-E418CFF32E57}.Release|Any CPU.ActiveCfg = Release|Any CPU
		{A1D9C398-69CA-434A-96FD-E418CFF32E57}.Release|Any CPU.Build.0 = Release|Any CPU
		{A1D9C398-69CA-434A-96FD-E418CFF32E57}.Release|x64.ActiveCfg = Release|Any CPU
		{A1D9C398-69CA-434A-96FD-E418CFF32E57}.Release|x64.Build.0 = Release|Any CPU
		{A1D9C398-69CA-434A-96FD-E418CFF32E57}.Release|x86.ActiveCfg = Release|Any CPU
		{A1D9C398-69CA-434A-96FD-E418CFF32E57}.Release|x86.Build.0 = Release|Any CPU
	EndGlobalSection
	GlobalSection(SolutionProperties) = preSolution
		HideSolutionNode = FALSE
	EndGlobalSection
	GlobalSection(NestedProjects) = preSolution
		{C7D3BD99-348D-4481-A370-9363D4955162} = {7266C4A9-E384-DC00-0EB6-47F6002CFBA7}
		{0D8516D3-7C93-43AF-8E2D-B4EFF5872291} = {7266C4A9-E384-DC00-0EB6-47F6002CFBA7}
		{085E0BC9-4E00-4E39-9CC8-D726F52A8577} = {7266C4A9-E384-DC00-0EB6-47F6002CFBA7}
		{D4794831-043B-42F2-8AFD-7D2F72858D04} = {7266C4A9-E384-DC00-0EB6-47F6002CFBA7}
		{2BDB39AC-EE8F-8226-87E9-6C1391B18EDA} = {5854FF58-B8C5-05C6-5BF2-ACE42193F22B}
		{6A0636FE-2970-D732-4A33-CF4EC843DA74} = {2BDB39AC-EE8F-8226-87E9-6C1391B18EDA}
		{987ED886-9BCE-4B3E-A8B5-1D5A45C1A72F} = {6A0636FE-2970-D732-4A33-CF4EC843DA74}
		{EF3E5C8D-07B3-4FA3-B26E-6E9440C4F7A9} = {6A0636FE-2970-D732-4A33-CF4EC843DA74}
		{001D66FC-F0C4-4A17-86EE-50765489535B} = {6A0636FE-2970-D732-4A33-CF4EC843DA74}
		{01688B8B-4211-4065-886B-627659773EB1} = {6A0636FE-2970-D732-4A33-CF4EC843DA74}
		{1C57C2D2-1246-804C-0890-EC7B6BEC053B} = {5854FF58-B8C5-05C6-5BF2-ACE42193F22B}
		{342FCE4C-47BF-89F4-41F0-41EE90205765} = {1C57C2D2-1246-804C-0890-EC7B6BEC053B}
		{2E94F180-2D91-4F5E-91E7-2E964275B743} = {342FCE4C-47BF-89F4-41F0-41EE90205765}
		{2119D044-8456-4D51-8EAB-52C82CEBD50E} = {342FCE4C-47BF-89F4-41F0-41EE90205765}
		{1109A817-8B8D-479D-9973-E9C916B595AC} = {342FCE4C-47BF-89F4-41F0-41EE90205765}
		{6ED05895-77DF-47DF-9A08-18159ECFA66A} = {342FCE4C-47BF-89F4-41F0-41EE90205765}
		{5C95306C-431D-A100-0086-090F0506DA50} = {1C57C2D2-1246-804C-0890-EC7B6BEC053B}
		{C46ADDA0-D467-46FB-9017-28051D2CF512} = {5C95306C-431D-A100-0086-090F0506DA50}
		{F8975784-BB7E-4550-BDE1-682E99D8046F} = {5C95306C-431D-A100-0086-090F0506DA50}
		{20AD351F-C113-4311-A294-B3965DFB6D17} = {E7BDDBC6-9FD1-D1D7-ACD8-2C4F8E3D2461}
		{7D92DBFA-C12A-0400-BEAA-E303CE3BA314} = {2BDB39AC-EE8F-8226-87E9-6C1391B18EDA}
		{B6FF22FF-BF8B-460A-86E3-0A65EFD7A2A2} = {7D92DBFA-C12A-0400-BEAA-E303CE3BA314}
		{6E51566D-19FF-42B9-805A-6BAA29C3812F} = {7D92DBFA-C12A-0400-BEAA-E303CE3BA314}
		{7D4CB1C8-F5AD-4600-81EE-D220F04FF74F} = {7D92DBFA-C12A-0400-BEAA-E303CE3BA314}
		{BB9B0570-D764-F740-A1C1-3444BA1D5022} = {5854FF58-B8C5-05C6-5BF2-ACE42193F22B}
		{C3D55D52-5DFC-885D-2B4A-9508FC7D90C4} = {BB9B0570-D764-F740-A1C1-3444BA1D5022}
		{44C4B4BA-3211-4E25-9252-B0F2B286A796} = {C3D55D52-5DFC-885D-2B4A-9508FC7D90C4}
		{8C52A88F-4953-4B42-8B0F-21D6D9E3B54E} = {C3D55D52-5DFC-885D-2B4A-9508FC7D90C4}
		{1F798EDD-FC9B-49F4-8D27-8FE88E20F2A6} = {C3D55D52-5DFC-885D-2B4A-9508FC7D90C4}
		{56559821-7C43-4119-BD19-EC7503195CD7} = {C3D55D52-5DFC-885D-2B4A-9508FC7D90C4}
		{50646532-7BDD-1987-4851-07F80400BDCF} = {BB9B0570-D764-F740-A1C1-3444BA1D5022}
		{8671FC98-B557-41CF-9EF0-9A08372E44F9} = {50646532-7BDD-1987-4851-07F80400BDCF}
		{62488580-229C-4C70-9451-48F14C413BDC} = {50646532-7BDD-1987-4851-07F80400BDCF}
		{51C11FFD-5B01-4EAB-83F9-3826EB01D626} = {50646532-7BDD-1987-4851-07F80400BDCF}
		{67432EE6-FB9C-8790-1FE7-6C208495587F} = {5854FF58-B8C5-05C6-5BF2-ACE42193F22B}
		{E6BA4953-59CA-EC62-190F-E796D32A4427} = {67432EE6-FB9C-8790-1FE7-6C208495587F}
		{ED32851D-EA34-4D75-94D7-4D9AE941E1E9} = {E6BA4953-59CA-EC62-190F-E796D32A4427}
		{34EB807A-68BC-427B-9895-A3F56C0C0E47} = {E6BA4953-59CA-EC62-190F-E796D32A4427}
		{34CC3B6F-5B7F-4743-BB99-D13A6389FA30} = {E6BA4953-59CA-EC62-190F-E796D32A4427}
		{3004A799-F4BD-49E2-85A4-E7059D337FC4} = {E6BA4953-59CA-EC62-190F-E796D32A4427}
		{CC769B93-337B-8741-3C3D-CBEBE1AD387A} = {67432EE6-FB9C-8790-1FE7-6C208495587F}
		{01F2AB8C-CE4E-400E-8072-149FD676F9FE} = {CC769B93-337B-8741-3C3D-CBEBE1AD387A}
		{CD3E24EF-6AD5-49C4-8C96-BBF50E39AE67} = {CC769B93-337B-8741-3C3D-CBEBE1AD387A}
		{A1D9C398-69CA-434A-96FD-E418CFF32E57} = {CC769B93-337B-8741-3C3D-CBEBE1AD387A}
	EndGlobalSection
	GlobalSection(ExtensibilityGlobals) = postSolution
		SolutionGuid = {E54C43D6-8D96-4D69-81C7-2467C86ED8B4}
	EndGlobalSection
EndGlobal
